// !$*UTF8*$!
{
	archiveVersion = 1;
	classes = {
	};
	objectVersion = 46;
	objects = {

/* Begin PBXBuildFile section */
		CD25839D17F6F1C400A62574 /* Foundation.framework in Frameworks */ = {isa = PBXBuildFile; fileRef = CD25839C17F6F1C400A62574 /* Foundation.framework */; };
		CD25839F17F6F1C400A62574 /* CoreGraphics.framework in Frameworks */ = {isa = PBXBuildFile; fileRef = CD25839E17F6F1C400A62574 /* CoreGraphics.framework */; };
		CD2583A117F6F1C400A62574 /* UIKit.framework in Frameworks */ = {isa = PBXBuildFile; fileRef = CD2583A017F6F1C400A62574 /* UIKit.framework */; };
		CD2583A717F6F1C400A62574 /* InfoPlist.strings in Resources */ = {isa = PBXBuildFile; fileRef = CD2583A517F6F1C400A62574 /* InfoPlist.strings */; };
		CD2583A917F6F1C400A62574 /* main.m in Sources */ = {isa = PBXBuildFile; fileRef = CD2583A817F6F1C400A62574 /* main.m */; };
		CD2583AD17F6F1C400A62574 /* AppDelegate.m in Sources */ = {isa = PBXBuildFile; fileRef = CD2583AC17F6F1C400A62574 /* AppDelegate.m */; };
		CD2583B017F6F1C400A62574 /* Main.storyboard in Resources */ = {isa = PBXBuildFile; fileRef = CD2583AE17F6F1C400A62574 /* Main.storyboard */; };
		CD2583B317F6F1C400A62574 /* ViewController.m in Sources */ = {isa = PBXBuildFile; fileRef = CD2583B217F6F1C400A62574 /* ViewController.m */; };
		CD2583B517F6F1C400A62574 /* Images.xcassets in Resources */ = {isa = PBXBuildFile; fileRef = CD2583B417F6F1C400A62574 /* Images.xcassets */; };
		CD2583BC17F6F1C400A62574 /* XCTest.framework in Frameworks */ = {isa = PBXBuildFile; fileRef = CD2583BB17F6F1C400A62574 /* XCTest.framework */; };
		CD2583BD17F6F1C400A62574 /* Foundation.framework in Frameworks */ = {isa = PBXBuildFile; fileRef = CD25839C17F6F1C400A62574 /* Foundation.framework */; };
		CD2583BE17F6F1C400A62574 /* UIKit.framework in Frameworks */ = {isa = PBXBuildFile; fileRef = CD2583A017F6F1C400A62574 /* UIKit.framework */; };
		CD2583C617F6F1C400A62574 /* InfoPlist.strings in Resources */ = {isa = PBXBuildFile; fileRef = CD2583C417F6F1C400A62574 /* InfoPlist.strings */; };
		CD2583C817F6F1C400A62574 /* brainnumbersTests.m in Sources */ = {isa = PBXBuildFile; fileRef = CD2583C717F6F1C400A62574 /* brainnumbersTests.m */; };
		CD2583D217F6F1F100A62574 /* GameKit.framework in Frameworks */ = {isa = PBXBuildFile; fileRef = CD2583D117F6F1F100A62574 /* GameKit.framework */; };
/* End PBXBuildFile section */

/* Begin PBXContainerItemProxy section */
		CD2583BF17F6F1C400A62574 /* PBXContainerItemProxy */ = {
			isa = PBXContainerItemProxy;
			containerPortal = CD25839117F6F1C400A62574 /* Project object */;
			proxyType = 1;
			remoteGlobalIDString = CD25839817F6F1C400A62574;
			remoteInfo = brainnumbers;
		};
/* End PBXContainerItemProxy section */

/* Begin PBXFileReference section */
		CD25839917F6F1C400A62574 /* brainnumbers.app */ = {isa = PBXFileReference; explicitFileType = wrapper.application; includeInIndex = 0; path = brainnumbers.app; sourceTree = BUILT_PRODUCTS_DIR; };
		CD25839C17F6F1C400A62574 /* Foundation.framework */ = {isa = PBXFileReference; lastKnownFileType = wrapper.framework; name = Foundation.framework; path = System/Library/Frameworks/Foundation.framework; sourceTree = SDKROOT; };
		CD25839E17F6F1C400A62574 /* CoreGraphics.framework */ = {isa = PBXFileReference; lastKnownFileType = wrapper.framework; name = CoreGraphics.framework; path = System/Library/Frameworks/CoreGraphics.framework; sourceTree = SDKROOT; };
		CD2583A017F6F1C400A62574 /* UIKit.framework */ = {isa = PBXFileReference; lastKnownFileType = wrapper.framework; name = UIKit.framework; path = System/Library/Frameworks/UIKit.framework; sourceTree = SDKROOT; };
		CD2583A417F6F1C400A62574 /* brainnumbers-Info.plist */ = {isa = PBXFileReference; lastKnownFileType = text.plist.xml; path = "brainnumbers-Info.plist"; sourceTree = "<group>"; };
		CD2583A617F6F1C400A62574 /* en */ = {isa = PBXFileReference; lastKnownFileType = text.plist.strings; name = en; path = en.lproj/InfoPlist.strings; sourceTree = "<group>"; };
		CD2583A817F6F1C400A62574 /* main.m */ = {isa = PBXFileReference; lastKnownFileType = sourcecode.c.objc; path = main.m; sourceTree = "<group>"; };
		CD2583AA17F6F1C400A62574 /* brainnumbers-Prefix.pch */ = {isa = PBXFileReference; lastKnownFileType = sourcecode.c.h; path = "brainnumbers-Prefix.pch"; sourceTree = "<group>"; };
		CD2583AB17F6F1C400A62574 /* AppDelegate.h */ = {isa = PBXFileReference; lastKnownFileType = sourcecode.c.h; path = AppDelegate.h; sourceTree = "<group>"; };
		CD2583AC17F6F1C400A62574 /* AppDelegate.m */ = {isa = PBXFileReference; lastKnownFileType = sourcecode.c.objc; path = AppDelegate.m; sourceTree = "<group>"; };
		CD2583AF17F6F1C400A62574 /* Base */ = {isa = PBXFileReference; lastKnownFileType = file.storyboard; name = Base; path = Base.lproj/Main.storyboard; sourceTree = "<group>"; };
		CD2583B117F6F1C400A62574 /* ViewController.h */ = {isa = PBXFileReference; lastKnownFileType = sourcecode.c.h; path = ViewController.h; sourceTree = "<group>"; };
		CD2583B217F6F1C400A62574 /* ViewController.m */ = {isa = PBXFileReference; lastKnownFileType = sourcecode.c.objc; path = ViewController.m; sourceTree = "<group>"; };
		CD2583B417F6F1C400A62574 /* Images.xcassets */ = {isa = PBXFileReference; lastKnownFileType = folder.assetcatalog; path = Images.xcassets; sourceTree = "<group>"; };
		CD2583BA17F6F1C400A62574 /* brainnumbersTests.xctest */ = {isa = PBXFileReference; explicitFileType = wrapper.cfbundle; includeInIndex = 0; path = brainnumbersTests.xctest; sourceTree = BUILT_PRODUCTS_DIR; };
		CD2583BB17F6F1C400A62574 /* XCTest.framework */ = {isa = PBXFileReference; lastKnownFileType = wrapper.framework; name = XCTest.framework; path = Library/Frameworks/XCTest.framework; sourceTree = DEVELOPER_DIR; };
		CD2583C317F6F1C400A62574 /* brainnumbersTests-Info.plist */ = {isa = PBXFileReference; lastKnownFileType = text.plist.xml; path = "brainnumbersTests-Info.plist"; sourceTree = "<group>"; };
		CD2583C517F6F1C400A62574 /* en */ = {isa = PBXFileReference; lastKnownFileType = text.plist.strings; name = en; path = en.lproj/InfoPlist.strings; sourceTree = "<group>"; };
		CD2583C717F6F1C400A62574 /* brainnumbersTests.m */ = {isa = PBXFileReference; lastKnownFileType = sourcecode.c.objc; path = brainnumbersTests.m; sourceTree = "<group>"; };
		CD2583D117F6F1F100A62574 /* GameKit.framework */ = {isa = PBXFileReference; lastKnownFileType = wrapper.framework; name = GameKit.framework; path = System/Library/Frameworks/GameKit.framework; sourceTree = SDKROOT; };
/* End PBXFileReference section */

/* Begin PBXFrameworksBuildPhase section */
		CD25839617F6F1C400A62574 /* Frameworks */ = {
			isa = PBXFrameworksBuildPhase;
			buildActionMask = 2147483647;
			files = (
				CD25839F17F6F1C400A62574 /* CoreGraphics.framework in Frameworks */,
				CD2583A117F6F1C400A62574 /* UIKit.framework in Frameworks */,
				CD25839D17F6F1C400A62574 /* Foundation.framework in Frameworks */,
				CD2583D217F6F1F100A62574 /* GameKit.framework in Frameworks */,
			);
			runOnlyForDeploymentPostprocessing = 0;
		};
		CD2583B717F6F1C400A62574 /* Frameworks */ = {
			isa = PBXFrameworksBuildPhase;
			buildActionMask = 2147483647;
			files = (
				CD2583BC17F6F1C400A62574 /* XCTest.framework in Frameworks */,
				CD2583BE17F6F1C400A62574 /* UIKit.framework in Frameworks */,
				CD2583BD17F6F1C400A62574 /* Foundation.framework in Frameworks */,
			);
			runOnlyForDeploymentPostprocessing = 0;
		};
/* End PBXFrameworksBuildPhase section */

/* Begin PBXGroup section */
		CD25839017F6F1C400A62574 = {
			isa = PBXGroup;
			children = (
				CD2583A217F6F1C400A62574 /* brainnumbers */,
				CD2583C117F6F1C400A62574 /* brainnumbersTests */,
				CD25839B17F6F1C400A62574 /* Frameworks */,
				CD25839A17F6F1C400A62574 /* Products */,
			);
			sourceTree = "<group>";
		};
		CD25839A17F6F1C400A62574 /* Products */ = {
			isa = PBXGroup;
			children = (
				CD25839917F6F1C400A62574 /* brainnumbers.app */,
				CD2583BA17F6F1C400A62574 /* brainnumbersTests.xctest */,
			);
			name = Products;
			sourceTree = "<group>";
		};
		CD25839B17F6F1C400A62574 /* Frameworks */ = {
			isa = PBXGroup;
			children = (
				CD2583D117F6F1F100A62574 /* GameKit.framework */,
				CD25839C17F6F1C400A62574 /* Foundation.framework */,
				CD25839E17F6F1C400A62574 /* CoreGraphics.framework */,
				CD2583A017F6F1C400A62574 /* UIKit.framework */,
				CD2583BB17F6F1C400A62574 /* XCTest.framework */,
			);
			name = Frameworks;
			sourceTree = "<group>";
		};
		CD2583A217F6F1C400A62574 /* brainnumbers */ = {
			isa = PBXGroup;
			children = (
				CD2583AB17F6F1C400A62574 /* AppDelegate.h */,
				CD2583AC17F6F1C400A62574 /* AppDelegate.m */,
				CD2583AE17F6F1C400A62574 /* Main.storyboard */,
				CD2583B117F6F1C400A62574 /* ViewController.h */,
				CD2583B217F6F1C400A62574 /* ViewController.m */,
				CD2583B417F6F1C400A62574 /* Images.xcassets */,
				CD2583A317F6F1C400A62574 /* Supporting Files */,
			);
			path = brainnumbers;
			sourceTree = "<group>";
		};
		CD2583A317F6F1C400A62574 /* Supporting Files */ = {
			isa = PBXGroup;
			children = (
				CD2583A417F6F1C400A62574 /* brainnumbers-Info.plist */,
				CD2583A517F6F1C400A62574 /* InfoPlist.strings */,
				CD2583A817F6F1C400A62574 /* main.m */,
				CD2583AA17F6F1C400A62574 /* brainnumbers-Prefix.pch */,
			);
			name = "Supporting Files";
			sourceTree = "<group>";
		};
		CD2583C117F6F1C400A62574 /* brainnumbersTests */ = {
			isa = PBXGroup;
			children = (
				CD2583C717F6F1C400A62574 /* brainnumbersTests.m */,
				CD2583C217F6F1C400A62574 /* Supporting Files */,
			);
			path = brainnumbersTests;
			sourceTree = "<group>";
		};
		CD2583C217F6F1C400A62574 /* Supporting Files */ = {
			isa = PBXGroup;
			children = (
				CD2583C317F6F1C400A62574 /* brainnumbersTests-Info.plist */,
				CD2583C417F6F1C400A62574 /* InfoPlist.strings */,
			);
			name = "Supporting Files";
			sourceTree = "<group>";
		};
/* End PBXGroup section */

/* Begin PBXNativeTarget section */
		CD25839817F6F1C400A62574 /* brainnumbers */ = {
			isa = PBXNativeTarget;
			buildConfigurationList = CD2583CB17F6F1C400A62574 /* Build configuration list for PBXNativeTarget "brainnumbers" */;
			buildPhases = (
				CD25839517F6F1C400A62574 /* Sources */,
				CD25839617F6F1C400A62574 /* Frameworks */,
				CD25839717F6F1C400A62574 /* Resources */,
			);
			buildRules = (
			);
			dependencies = (
			);
			name = brainnumbers;
			productName = brainnumbers;
			productReference = CD25839917F6F1C400A62574 /* brainnumbers.app */;
			productType = "com.apple.product-type.application";
		};
		CD2583B917F6F1C400A62574 /* brainnumbersTests */ = {
			isa = PBXNativeTarget;
			buildConfigurationList = CD2583CE17F6F1C400A62574 /* Build configuration list for PBXNativeTarget "brainnumbersTests" */;
			buildPhases = (
				CD2583B617F6F1C400A62574 /* Sources */,
				CD2583B717F6F1C400A62574 /* Frameworks */,
				CD2583B817F6F1C400A62574 /* Resources */,
			);
			buildRules = (
			);
			dependencies = (
				CD2583C017F6F1C400A62574 /* PBXTargetDependency */,
			);
			name = brainnumbersTests;
			productName = brainnumbersTests;
			productReference = CD2583BA17F6F1C400A62574 /* brainnumbersTests.xctest */;
			productType = "com.apple.product-type.bundle.unit-test";
		};
/* End PBXNativeTarget section */

/* Begin PBXProject section */
		CD25839117F6F1C400A62574 /* Project object */ = {
			isa = PBXProject;
			attributes = {
				LastUpgradeCheck = 0500;
				ORGANIZATIONNAME = "Patrick Santana";
				TargetAttributes = {
					CD25839817F6F1C400A62574 = {
						DevelopmentTeam = YW27SZC84Q;
						SystemCapabilities = {
							com.apple.GameCenter = {
								enabled = 1;
							};
						};
					};
					CD2583B917F6F1C400A62574 = {
						TestTargetID = CD25839817F6F1C400A62574;
					};
				};
			};
			buildConfigurationList = CD25839417F6F1C400A62574 /* Build configuration list for PBXProject "brainnumbers" */;
			compatibilityVersion = "Xcode 3.2";
			developmentRegion = English;
			hasScannedForEncodings = 0;
			knownRegions = (
				en,
				Base,
			);
			mainGroup = CD25839017F6F1C400A62574;
			productRefGroup = CD25839A17F6F1C400A62574 /* Products */;
			projectDirPath = "";
			projectRoot = "";
			targets = (
				CD25839817F6F1C400A62574 /* brainnumbers */,
				CD2583B917F6F1C400A62574 /* brainnumbersTests */,
			);
		};
/* End PBXProject section */

/* Begin PBXResourcesBuildPhase section */
		CD25839717F6F1C400A62574 /* Resources */ = {
			isa = PBXResourcesBuildPhase;
			buildActionMask = 2147483647;
			files = (
				CD2583B517F6F1C400A62574 /* Images.xcassets in Resources */,
				CD2583A717F6F1C400A62574 /* InfoPlist.strings in Resources */,
				CD2583B017F6F1C400A62574 /* Main.storyboard in Resources */,
			);
			runOnlyForDeploymentPostprocessing = 0;
		};
		CD2583B817F6F1C400A62574 /* Resources */ = {
			isa = PBXResourcesBuildPhase;
			buildActionMask = 2147483647;
			files = (
				CD2583C617F6F1C400A62574 /* InfoPlist.strings in Resources */,
			);
			runOnlyForDeploymentPostprocessing = 0;
		};
/* End PBXResourcesBuildPhase section */

/* Begin PBXSourcesBuildPhase section */
		CD25839517F6F1C400A62574 /* Sources */ = {
			isa = PBXSourcesBuildPhase;
			buildActionMask = 2147483647;
			files = (
				CD2583B317F6F1C400A62574 /* ViewController.m in Sources */,
				CD2583AD17F6F1C400A62574 /* AppDelegate.m in Sources */,
				CD2583A917F6F1C400A62574 /* main.m in Sources */,
			);
			runOnlyForDeploymentPostprocessing = 0;
		};
		CD2583B617F6F1C400A62574 /* Sources */ = {
			isa = PBXSourcesBuildPhase;
			buildActionMask = 2147483647;
			files = (
				CD2583C817F6F1C400A62574 /* brainnumbersTests.m in Sources */,
			);
			runOnlyForDeploymentPostprocessing = 0;
		};
/* End PBXSourcesBuildPhase section */

/* Begin PBXTargetDependency section */
		CD2583C017F6F1C400A62574 /* PBXTargetDependency */ = {
			isa = PBXTargetDependency;
			target = CD25839817F6F1C400A62574 /* brainnumbers */;
			targetProxy = CD2583BF17F6F1C400A62574 /* PBXContainerItemProxy */;
		};
/* End PBXTargetDependency section */

/* Begin PBXVariantGroup section */
		CD2583A517F6F1C400A62574 /* InfoPlist.strings */ = {
			isa = PBXVariantGroup;
			children = (
				CD2583A617F6F1C400A62574 /* en */,
			);
			name = InfoPlist.strings;
			sourceTree = "<group>";
		};
		CD2583AE17F6F1C400A62574 /* Main.storyboard */ = {
			isa = PBXVariantGroup;
			children = (
				CD2583AF17F6F1C400A62574 /* Base */,
			);
			name = Main.storyboard;
			sourceTree = "<group>";
		};
		CD2583C417F6F1C400A62574 /* InfoPlist.strings */ = {
			isa = PBXVariantGroup;
			children = (
				CD2583C517F6F1C400A62574 /* en */,
			);
			name = InfoPlist.strings;
			sourceTree = "<group>";
		};
/* End PBXVariantGroup section */

/* Begin XCBuildConfiguration section */
		CD2583C917F6F1C400A62574 /* Debug */ = {
			isa = XCBuildConfiguration;
			buildSettings = {
				ALWAYS_SEARCH_USER_PATHS = NO;
				ARCHS = "$(ARCHS_STANDARD_INCLUDING_64_BIT)";
				CLANG_CXX_LANGUAGE_STANDARD = "gnu++0x";
				CLANG_CXX_LIBRARY = "libc++";
				CLANG_ENABLE_MODULES = YES;
				CLANG_ENABLE_OBJC_ARC = YES;
				CLANG_WARN_BOOL_CONVERSION = YES;
				CLANG_WARN_CONSTANT_CONVERSION = YES;
				CLANG_WARN_DIRECT_OBJC_ISA_USAGE = YES_ERROR;
				CLANG_WARN_EMPTY_BODY = YES;
				CLANG_WARN_ENUM_CONVERSION = YES;
				CLANG_WARN_INT_CONVERSION = YES;
				CLANG_WARN_OBJC_ROOT_CLASS = YES_ERROR;
				CLANG_WARN__DUPLICATE_METHOD_MATCH = YES;
				"CODE_SIGN_IDENTITY[sdk=iphoneos*]" = "iPhone Developer";
				COPY_PHASE_STRIP = NO;
				GCC_C_LANGUAGE_STANDARD = gnu99;
				GCC_DYNAMIC_NO_PIC = NO;
				GCC_OPTIMIZATION_LEVEL = 0;
				GCC_PREPROCESSOR_DEFINITIONS = (
					"DEBUG=1",
					"$(inherited)",
				);
				GCC_SYMBOLS_PRIVATE_EXTERN = NO;
				GCC_WARN_64_TO_32_BIT_CONVERSION = YES;
				GCC_WARN_ABOUT_RETURN_TYPE = YES_ERROR;
				GCC_WARN_UNDECLARED_SELECTOR = YES;
				GCC_WARN_UNINITIALIZED_AUTOS = YES;
				GCC_WARN_UNUSED_FUNCTION = YES;
				GCC_WARN_UNUSED_VARIABLE = YES;
				IPHONEOS_DEPLOYMENT_TARGET = 7.0;
				ONLY_ACTIVE_ARCH = YES;
				SDKROOT = iphoneos;
			};
			name = Debug;
		};
		CD2583CA17F6F1C400A62574 /* Release */ = {
			isa = XCBuildConfiguration;
			buildSettings = {
				ALWAYS_SEARCH_USER_PATHS = NO;
				ARCHS = "$(ARCHS_STANDARD_INCLUDING_64_BIT)";
				CLANG_CXX_LANGUAGE_STANDARD = "gnu++0x";
				CLANG_CXX_LIBRARY = "libc++";
				CLANG_ENABLE_MODULES = YES;
				CLANG_ENABLE_OBJC_ARC = YES;
				CLANG_WARN_BOOL_CONVERSION = YES;
				CLANG_WARN_CONSTANT_CONVERSION = YES;
				CLANG_WARN_DIRECT_OBJC_ISA_USAGE = YES_ERROR;
				CLANG_WARN_EMPTY_BODY = YES;
				CLANG_WARN_ENUM_CONVERSION = YES;
				CLANG_WARN_INT_CONVERSION = YES;
				CLANG_WARN_OBJC_ROOT_CLASS = YES_ERROR;
				CLANG_WARN__DUPLICATE_METHOD_MATCH = YES;
				"CODE_SIGN_IDENTITY[sdk=iphoneos*]" = "iPhone Developer";
				COPY_PHASE_STRIP = YES;
				ENABLE_NS_ASSERTIONS = NO;
				GCC_C_LANGUAGE_STANDARD = gnu99;
				GCC_WARN_64_TO_32_BIT_CONVERSION = YES;
				GCC_WARN_ABOUT_RETURN_TYPE = YES_ERROR;
				GCC_WARN_UNDECLARED_SELECTOR = YES;
				GCC_WARN_UNINITIALIZED_AUTOS = YES;
				GCC_WARN_UNUSED_FUNCTION = YES;
				GCC_WARN_UNUSED_VARIABLE = YES;
				IPHONEOS_DEPLOYMENT_TARGET = 7.0;
				SDKROOT = iphoneos;
				VALIDATE_PRODUCT = YES;
			};
			name = Release;
		};
		CD2583CC17F6F1C400A62574 /* Debug */ = {
			isa = XCBuildConfiguration;
			buildSettings = {
				ASSETCATALOG_COMPILER_APPICON_NAME = AppIcon;
				ASSETCATALOG_COMPILER_LAUNCHIMAGE_NAME = LaunchImage;
				CODE_SIGN_IDENTITY = "iPhone Developer";
				"CODE_SIGN_IDENTITY[sdk=iphoneos*]" = "iPhone Developer";
				GCC_PRECOMPILE_PREFIX_HEADER = YES;
				GCC_PREFIX_HEADER = "brainnumbers/brainnumbers-Prefix.pch";
				INFOPLIST_FILE = "brainnumbers/brainnumbers-Info.plist";
				PRODUCT_NAME = "$(TARGET_NAME)";
				PROVISIONING_PROFILE = "";
				WRAPPER_EXTENSION = app;
			};
			name = Debug;
		};
		CD2583CD17F6F1C400A62574 /* Release */ = {
			isa = XCBuildConfiguration;
			buildSettings = {
				ASSETCATALOG_COMPILER_APPICON_NAME = AppIcon;
				ASSETCATALOG_COMPILER_LAUNCHIMAGE_NAME = LaunchImage;
				CODE_SIGN_IDENTITY = "iPhone Developer";
				"CODE_SIGN_IDENTITY[sdk=iphoneos*]" = "iPhone Developer";
				GCC_PRECOMPILE_PREFIX_HEADER = YES;
				GCC_PREFIX_HEADER = "brainnumbers/brainnumbers-Prefix.pch";
				INFOPLIST_FILE = "brainnumbers/brainnumbers-Info.plist";
				PRODUCT_NAME = "$(TARGET_NAME)";
				PROVISIONING_PROFILE = "";
				WRAPPER_EXTENSION = app;
			};
			name = Release;
		};
		CD2583CF17F6F1C400A62574 /* Debug */ = {
			isa = XCBuildConfiguration;
			buildSettings = {
				ARCHS = "$(ARCHS_STANDARD_INCLUDING_64_BIT)";
				BUNDLE_LOADER = "$(BUILT_PRODUCTS_DIR)/brainnumbers.app/brainnumbers";
				FRAMEWORK_SEARCH_PATHS = (
					"$(SDKROOT)/Developer/Library/Frameworks",
					"$(inherited)",
					"$(DEVELOPER_FRAMEWORKS_DIR)",
				);
				GCC_PRECOMPILE_PREFIX_HEADER = YES;
				GCC_PREFIX_HEADER = "brainnumbers/brainnumbers-Prefix.pch";
				GCC_PREPROCESSOR_DEFINITIONS = (
					"DEBUG=1",
					"$(inherited)",
				);
				INFOPLIST_FILE = "brainnumbersTests/brainnumbersTests-Info.plist";
				PRODUCT_NAME = "$(TARGET_NAME)";
				TEST_HOST = "$(BUNDLE_LOADER)";
				WRAPPER_EXTENSION = xctest;
			};
			name = Debug;
		};
		CD2583D017F6F1C400A62574 /* Release */ = {
			isa = XCBuildConfiguration;
			buildSettings = {
				ARCHS = "$(ARCHS_STANDARD_INCLUDING_64_BIT)";
				BUNDLE_LOADER = "$(BUILT_PRODUCTS_DIR)/brainnumbers.app/brainnumbers";
				FRAMEWORK_SEARCH_PATHS = (
					"$(SDKROOT)/Developer/Library/Frameworks",
					"$(inherited)",
					"$(DEVELOPER_FRAMEWORKS_DIR)",
				);
				GCC_PRECOMPILE_PREFIX_HEADER = YES;
				GCC_PREFIX_HEADER = "brainnumbers/brainnumbers-Prefix.pch";
				INFOPLIST_FILE = "brainnumbersTests/brainnumbersTests-Info.plist";
				PRODUCT_NAME = "$(TARGET_NAME)";
				TEST_HOST = "$(BUNDLE_LOADER)";
				WRAPPER_EXTENSION = xctest;
			};
			name = Release;
		};
/* End XCBuildConfiguration section */

/* Begin XCConfigurationList section */
		CD25839417F6F1C400A62574 /* Build configuration list for PBXProject "brainnumbers" */ = {
			isa = XCConfigurationList;
			buildConfigurations = (
				CD2583C917F6F1C400A62574 /* Debug */,
				CD2583CA17F6F1C400A62574 /* Release */,
			);
			defaultConfigurationIsVisible = 0;
			defaultConfigurationName = Release;
		};
		CD2583CB17F6F1C400A62574 /* Build configuration list for PBXNativeTarget "brainnumbers" */ = {
			isa = XCConfigurationList;
			buildConfigurations = (
				CD2583CC17F6F1C400A62574 /* Debug */,
				CD2583CD17F6F1C400A62574 /* Release */,
			);
			defaultConfigurationIsVisible = 0;
		};
		CD2583CE17F6F1C400A62574 /* Build configuration list for PBXNativeTarget "brainnumbersTests" */ = {
			isa = XCConfigurationList;
			buildConfigurations = (
				CD2583CF17F6F1C400A62574 /* Debug */,
				CD2583D017F6F1C400A62574 /* Release */,
			);
			defaultConfigurationIsVisible = 0;
		};
/* End XCConfigurationList section */
	};
	rootObject = CD25839117F6F1C400A62574 /* Project object */;
}
